// !$*UTF8*$!
{
	archiveVersion = 1;
	classes = {
	};
	objectVersion = 46;
	objects = {

/* Begin PBXBuildFile section */
		C437EC4A1C5635BA00D53839 /* SSTextFiled.m in Sources */ = {isa = PBXBuildFile; fileRef = C437EC491C5635BA00D53839 /* SSTextFiled.m */; };
		C4905E7F1C51269A007B3C49 /* SACollectionViewItem.m in Sources */ = {isa = PBXBuildFile; fileRef = C4905E7D1C51269A007B3C49 /* SACollectionViewItem.m */; };
		C4905E801C51269A007B3C49 /* SACollectionViewItem.xib in Resources */ = {isa = PBXBuildFile; fileRef = C4905E7E1C51269A007B3C49 /* SACollectionViewItem.xib */; };
		C492655E1C528B3D00D424AC /* NotesCollectionViewFlowLayout.m in Sources */ = {isa = PBXBuildFile; fileRef = C492655D1C528B3D00D424AC /* NotesCollectionViewFlowLayout.m */; };
		C4A5A5031C53A093000FC4A4 /* Front.JPG in Resources */ = {isa = PBXBuildFile; fileRef = C4A5A5021C53A093000FC4A4 /* Front.JPG */; };
		C4C445491C4B4F290038A2E5 /* AppDelegate.m in Sources */ = {isa = PBXBuildFile; fileRef = C4C445481C4B4F290038A2E5 /* AppDelegate.m */; };
		C4C4454C1C4B4F290038A2E5 /* main.m in Sources */ = {isa = PBXBuildFile; fileRef = C4C4454B1C4B4F290038A2E5 /* main.m */; };
		C4C4454E1C4B4F290038A2E5 /* Assets.xcassets in Resources */ = {isa = PBXBuildFile; fileRef = C4C4454D1C4B4F290038A2E5 /* Assets.xcassets */; };
		C4C445511C4B4F290038A2E5 /* MainMenu.xib in Resources */ = {isa = PBXBuildFile; fileRef = C4C4454F1C4B4F290038A2E5 /* MainMenu.xib */; };
		C4C4455A1C4B4FE40038A2E5 /* SSFoldingView.m in Sources */ = {isa = PBXBuildFile; fileRef = C4C445591C4B4FE40038A2E5 /* SSFoldingView.m */; };
/* End PBXBuildFile section */

/* Begin PBXFileReference section */
		C437EC481C5635BA00D53839 /* SSTextFiled.h */ = {isa = PBXFileReference; fileEncoding = 4; lastKnownFileType = sourcecode.c.h; path = SSTextFiled.h; sourceTree = "<group>"; };
		C437EC491C5635BA00D53839 /* SSTextFiled.m */ = {isa = PBXFileReference; fileEncoding = 4; lastKnownFileType = sourcecode.c.objc; path = SSTextFiled.m; sourceTree = "<group>"; };
		C4905E7C1C51269A007B3C49 /* SACollectionViewItem.h */ = {isa = PBXFileReference; fileEncoding = 4; lastKnownFileType = sourcecode.c.h; path = SACollectionViewItem.h; sourceTree = "<group>"; };
		C4905E7D1C51269A007B3C49 /* SACollectionViewItem.m */ = {isa = PBXFileReference; fileEncoding = 4; lastKnownFileType = sourcecode.c.objc; path = SACollectionViewItem.m; sourceTree = "<group>"; };
		C4905E7E1C51269A007B3C49 /* SACollectionViewItem.xib */ = {isa = PBXFileReference; fileEncoding = 4; lastKnownFileType = file.xib; path = SACollectionViewItem.xib; sourceTree = "<group>"; };
		C492655C1C528B3D00D424AC /* NotesCollectionViewFlowLayout.h */ = {isa = PBXFileReference; fileEncoding = 4; lastKnownFileType = sourcecode.c.h; path = NotesCollectionViewFlowLayout.h; sourceTree = "<group>"; };
		C492655D1C528B3D00D424AC /* NotesCollectionViewFlowLayout.m */ = {isa = PBXFileReference; fileEncoding = 4; lastKnownFileType = sourcecode.c.objc; path = NotesCollectionViewFlowLayout.m; sourceTree = "<group>"; };
		C4A5A5021C53A093000FC4A4 /* Front.JPG */ = {isa = PBXFileReference; lastKnownFileType = image.jpeg; path = Front.JPG; sourceTree = "<group>"; };
		C4C445441C4B4F290038A2E5 /* SAmple OS X Folding.app */ = {isa = PBXFileReference; explicitFileType = wrapper.application; includeInIndex = 0; path = "SAmple OS X Folding.app"; sourceTree = BUILT_PRODUCTS_DIR; };
		C4C445471C4B4F290038A2E5 /* AppDelegate.h */ = {isa = PBXFileReference; lastKnownFileType = sourcecode.c.h; path = AppDelegate.h; sourceTree = "<group>"; };
		C4C445481C4B4F290038A2E5 /* AppDelegate.m */ = {isa = PBXFileReference; lastKnownFileType = sourcecode.c.objc; path = AppDelegate.m; sourceTree = "<group>"; };
		C4C4454B1C4B4F290038A2E5 /* main.m */ = {isa = PBXFileReference; lastKnownFileType = sourcecode.c.objc; path = main.m; sourceTree = "<group>"; };
		C4C4454D1C4B4F290038A2E5 /* Assets.xcassets */ = {isa = PBXFileReference; lastKnownFileType = folder.assetcatalog; path = Assets.xcassets; sourceTree = "<group>"; };
		C4C445501C4B4F290038A2E5 /* Base */ = {isa = PBXFileReference; lastKnownFileType = file.xib; name = Base; path = Base.lproj/MainMenu.xib; sourceTree = "<group>"; };
		C4C445521C4B4F290038A2E5 /* Info.plist */ = {isa = PBXFileReference; lastKnownFileType = text.plist.xml; path = Info.plist; sourceTree = "<group>"; };
		C4C445581C4B4FE40038A2E5 /* SSFoldingView.h */ = {isa = PBXFileReference; fileEncoding = 4; lastKnownFileType = sourcecode.c.h; path = SSFoldingView.h; sourceTree = "<group>"; };
		C4C445591C4B4FE40038A2E5 /* SSFoldingView.m */ = {isa = PBXFileReference; fileEncoding = 4; lastKnownFileType = sourcecode.c.objc; path = SSFoldingView.m; sourceTree = "<group>"; };
/* End PBXFileReference section */

/* Begin PBXFrameworksBuildPhase section */
		C4C445411C4B4F290038A2E5 /* Frameworks */ = {
			isa = PBXFrameworksBuildPhase;
			buildActionMask = 2147483647;
			files = (
			);
			runOnlyForDeploymentPostprocessing = 0;
		};
/* End PBXFrameworksBuildPhase section */

/* Begin PBXGroup section */
		C4C4453B1C4B4F290038A2E5 = {
			isa = PBXGroup;
			children = (
				C4C445461C4B4F290038A2E5 /* SAmple OS X Folding */,
				C4C445451C4B4F290038A2E5 /* Products */,
			);
			sourceTree = "<group>";
		};
		C4C445451C4B4F290038A2E5 /* Products */ = {
			isa = PBXGroup;
			children = (
				C4C445441C4B4F290038A2E5 /* SAmple OS X Folding.app */,
			);
			name = Products;
			sourceTree = "<group>";
		};
		C4C445461C4B4F290038A2E5 /* SAmple OS X Folding */ = {
			isa = PBXGroup;
			children = (
				C4C445471C4B4F290038A2E5 /* AppDelegate.h */,
				C4C445481C4B4F290038A2E5 /* AppDelegate.m */,
				C4C445581C4B4FE40038A2E5 /* SSFoldingView.h */,
				C4C445591C4B4FE40038A2E5 /* SSFoldingView.m */,
				C437EC481C5635BA00D53839 /* SSTextFiled.h */,
				C437EC491C5635BA00D53839 /* SSTextFiled.m */,
				C4C4454D1C4B4F290038A2E5 /* Assets.xcassets */,
				C4C4454F1C4B4F290038A2E5 /* MainMenu.xib */,
				C4C445521C4B4F290038A2E5 /* Info.plist */,
				C4905E7C1C51269A007B3C49 /* SACollectionViewItem.h */,
				C4905E7D1C51269A007B3C49 /* SACollectionViewItem.m */,
				C4905E7E1C51269A007B3C49 /* SACollectionViewItem.xib */,
				C492655C1C528B3D00D424AC /* NotesCollectionViewFlowLayout.h */,
				C492655D1C528B3D00D424AC /* NotesCollectionViewFlowLayout.m */,
				C4A5A5021C53A093000FC4A4 /* Front.JPG */,
				C4C4454A1C4B4F290038A2E5 /* Supporting Files */,
			);
			path = "SAmple OS X Folding";
			sourceTree = "<group>";
		};
		C4C4454A1C4B4F290038A2E5 /* Supporting Files */ = {
			isa = PBXGroup;
			children = (
				C4C4454B1C4B4F290038A2E5 /* main.m */,
			);
			name = "Supporting Files";
			sourceTree = "<group>";
		};
/* End PBXGroup section */

/* Begin PBXNativeTarget section */
		C4C445431C4B4F290038A2E5 /* SAmple OS X Folding */ = {
			isa = PBXNativeTarget;
			buildConfigurationList = C4C445551C4B4F290038A2E5 /* Build configuration list for PBXNativeTarget "SAmple OS X Folding" */;
			buildPhases = (
				C4C445401C4B4F290038A2E5 /* Sources */,
				C4C445411C4B4F290038A2E5 /* Frameworks */,
				C4C445421C4B4F290038A2E5 /* Resources */,
			);
			buildRules = (
			);
			dependencies = (
			);
			name = "SAmple OS X Folding";
			productName = "SAmple OS X Folding";
			productReference = C4C445441C4B4F290038A2E5 /* SAmple OS X Folding.app */;
			productType = "com.apple.product-type.application";
		};
/* End PBXNativeTarget section */

/* Begin PBXProject section */
		C4C4453C1C4B4F290038A2E5 /* Project object */ = {
			isa = PBXProject;
			attributes = {
				LastUpgradeCheck = 0720;
				ORGANIZATIONNAME = "Satendra Dagar";
				TargetAttributes = {
					C4C445431C4B4F290038A2E5 = {
						CreatedOnToolsVersion = 7.2;
					};
				};
			};
			buildConfigurationList = C4C4453F1C4B4F290038A2E5 /* Build configuration list for PBXProject "SAmple OS X Folding" */;
			compatibilityVersion = "Xcode 3.2";
			developmentRegion = English;
			hasScannedForEncodings = 0;
			knownRegions = (
				en,
				Base,
			);
			mainGroup = C4C4453B1C4B4F290038A2E5;
			productRefGroup = C4C445451C4B4F290038A2E5 /* Products */;
			projectDirPath = "";
			projectRoot = "";
			targets = (
				C4C445431C4B4F290038A2E5 /* SAmple OS X Folding */,
			);
		};
/* End PBXProject section */

/* Begin PBXResourcesBuildPhase section */
		C4C445421C4B4F290038A2E5 /* Resources */ = {
			isa = PBXResourcesBuildPhase;
			buildActionMask = 2147483647;
			files = (
				C4C4454E1C4B4F290038A2E5 /* Assets.xcassets in Resources */,
				C4C445511C4B4F290038A2E5 /* MainMenu.xib in Resources */,
				C4A5A5031C53A093000FC4A4 /* Front.JPG in Resources */,
				C4905E801C51269A007B3C49 /* SACollectionViewItem.xib in Resources */,
			);
			runOnlyForDeploymentPostprocessing = 0;
		};
/* End PBXResourcesBuildPhase section */

/* Begin PBXSourcesBuildPhase section */
		C4C445401C4B4F290038A2E5 /* Sources */ = {
			isa = PBXSourcesBuildPhase;
			buildActionMask = 2147483647;
			files = (
				C4C4455A1C4B4FE40038A2E5 /* SSFoldingView.m in Sources */,
				C4C4454C1C4B4F290038A2E5 /* main.m in Sources */,
				C4C445491C4B4F290038A2E5 /* AppDelegate.m in Sources */,
				C437EC4A1C5635BA00D53839 /* SSTextFiled.m in Sources */,
				C492655E1C528B3D00D424AC /* NotesCollectionViewFlowLayout.m in Sources */,
				C4905E7F1C51269A007B3C49 /* SACollectionViewItem.m in Sources */,
			);
			runOnlyForDeploymentPostprocessing = 0;
		};
/* End PBXSourcesBuildPhase section */

/* Begin PBXVariantGroup section */
		C4C4454F1C4B4F290038A2E5 /* MainMenu.xib */ = {
			isa = PBXVariantGroup;
			children = (
				C4C445501C4B4F290038A2E5 /* Base */,
			);
			name = MainMenu.xib;
			sourceTree = "<group>";
		};
/* End PBXVariantGroup section */

/* Begin XCBuildConfiguration section */
		C4C445531C4B4F290038A2E5 /* Debug */ = {
			isa = XCBuildConfiguration;
			buildSettings = {
				ALWAYS_SEARCH_USER_PATHS = NO;
				CLANG_CXX_LANGUAGE_STANDARD = "gnu++0x";
				CLANG_CXX_LIBRARY = "libc++";
				CLANG_ENABLE_MODULES = YES;
				CLANG_ENABLE_OBJC_ARC = YES;
				CLANG_WARN_BOOL_CONVERSION = YES;
				CLANG_WARN_CONSTANT_CONVERSION = YES;
				CLANG_WARN_DIRECT_OBJC_ISA_USAGE = YES_ERROR;
				CLANG_WARN_EMPTY_BODY = YES;
				CLANG_WARN_ENUM_CONVERSION = YES;
				CLANG_WARN_INT_CONVERSION = YES;
				CLANG_WARN_OBJC_ROOT_CLASS = YES_ERROR;
				CLANG_WARN_UNREACHABLE_CODE = YES;
				CLANG_WARN__DUPLICATE_METHOD_MATCH = YES;
				CODE_SIGN_IDENTITY = "-";
				COPY_PHASE_STRIP = NO;
				DEBUG_INFORMATION_FORMAT = dwarf;
				ENABLE_STRICT_OBJC_MSGSEND = YES;
				ENABLE_TESTABILITY = YES;
				GCC_C_LANGUAGE_STANDARD = gnu99;
				GCC_DYNAMIC_NO_PIC = NO;
				GCC_NO_COMMON_BLOCKS = YES;
				GCC_OPTIMIZATION_LEVEL = 0;
				GCC_PREPROCESSOR_DEFINITIONS = (
					"DEBUG=1",
					"$(inherited)",
				);
				GCC_WARN_64_TO_32_BIT_CONVERSION = YES;
				GCC_WARN_ABOUT_RETURN_TYPE = YES_ERROR;
				GCC_WARN_UNDECLARED_SELECTOR = YES;
				GCC_WARN_UNINITIALIZED_AUTOS = YES_AGGRESSIVE;
				GCC_WARN_UNUSED_FUNCTION = YES;
				GCC_WARN_UNUSED_VARIABLE = YES;
				MACOSX_DEPLOYMENT_TARGET = 10.11;
				MTL_ENABLE_DEBUG_INFO = YES;
				ONLY_ACTIVE_ARCH = YES;
				SDKROOT = macosx;
			};
			name = Debug;
		};
		C4C445541C4B4F290038A2E5 /* Release */ = {
			isa = XCBuildConfiguration;
			buildSettings = {
				ALWAYS_SEARCH_USER_PATHS = NO;
				CLANG_CXX_LANGUAGE_STANDARD = "gnu++0x";
				CLANG_CXX_LIBRARY = "libc++";
				CLANG_ENABLE_MODULES = YES;
				CLANG_ENABLE_OBJC_ARC = YES;
				CLANG_WARN_BOOL_CONVERSION = YES;
				CLANG_WARN_CONSTANT_CONVERSION = YES;
				CLANG_WARN_DIRECT_OBJC_ISA_USAGE = YES_ERROR;
				CLANG_WARN_EMPTY_BODY = YES;
				CLANG_WARN_ENUM_CONVERSION = YES;
				CLANG_WARN_INT_CONVERSION = YES;
				CLANG_WARN_OBJC_ROOT_CLASS = YES_ERROR;
				CLANG_WARN_UNREACHABLE_CODE = YES;
				CLANG_WARN__DUPLICATE_METHOD_MATCH = YES;
				CODE_SIGN_IDENTITY = "-";
				COPY_PHASE_STRIP = NO;
				DEBUG_INFORMATION_FORMAT = "dwarf-with-dsym";
				ENABLE_NS_ASSERTIONS = NO;
				ENABLE_STRICT_OBJC_MSGSEND = YES;
				GCC_C_LANGUAGE_STANDARD = gnu99;
				GCC_NO_COMMON_BLOCKS = YES;
				GCC_WARN_64_TO_32_BIT_CONVERSION = YES;
				GCC_WARN_ABOUT_RETURN_TYPE = YES_ERROR;
				GCC_WARN_UNDECLARED_SELECTOR = YES;
				GCC_WARN_UNINITIALIZED_AUTOS = YES_AGGRESSIVE;
				GCC_WARN_UNUSED_FUNCTION = YES;
				GCC_WARN_UNUSED_VARIABLE = YES;
				MACOSX_DEPLOYMENT_TARGET = 10.11;
				MTL_ENABLE_DEBUG_INFO = NO;
				SDKROOT = macosx;
			};
			name = Release;
		};
		C4C445561C4B4F290038A2E5 /* Debug */ = {
			isa = XCBuildConfiguration;
			buildSettings = {
				ASSETCATALOG_COMPILER_APPICON_NAME = AppIcon;
				COMBINE_HIDPI_IMAGES = YES;
				INFOPLIST_FILE = "SAmple OS X Folding/Info.plist";
				LD_RUNPATH_SEARCH_PATHS = "$(inherited) @executable_path/../Frameworks";
				PRODUCT_BUNDLE_IDENTIFIER = "com.dagar.SAmple-OS-X-Folding";
				PRODUCT_NAME = "$(TARGET_NAME)";
			};
			name = Debug;
		};
		C4C445571C4B4F290038A2E5 /* Release */ = {
			isa = XCBuildConfiguration;
			buildSettings = {
				ASSETCATALOG_COMPILER_APPICON_NAME = AppIcon;
				COMBINE_HIDPI_IMAGES = YES;
				INFOPLIST_FILE = "SAmple OS X Folding/Info.plist";
				LD_RUNPATH_SEARCH_PATHS = "$(inherited) @executable_path/../Frameworks";
				PRODUCT_BUNDLE_IDENTIFIER = "com.dagar.SAmple-OS-X-Folding";
				PRODUCT_NAME = "$(TARGET_NAME)";
			};
			name = Release;
		};
/* End XCBuildConfiguration section */

/* Begin XCConfigurationList section */
		C4C4453F1C4B4F290038A2E5 /* Build configuration list for PBXProject "SAmple OS X Folding" */ = {
			isa = XCConfigurationList;
			buildConfigurations = (
				C4C445531C4B4F290038A2E5 /* Debug */,
				C4C445541C4B4F290038A2E5 /* Release */,
			);
			defaultConfigurationIsVisible = 0;
			defaultConfigurationName = Release;
		};
		C4C445551C4B4F290038A2E5 /* Build configuration list for PBXNativeTarget "SAmple OS X Folding" */ = {
			isa = XCConfigurationList;
			buildConfigurations = (
				C4C445561C4B4F290038A2E5 /* Debug */,
				C4C445571C4B4F290038A2E5 /* Release */,
			);
			defaultConfigurationIsVisible = 0;
			defaultConfigurationName = Release;
		};
/* End XCConfigurationList section */
	};
	rootObject = C4C4453C1C4B4F290038A2E5 /* Project object */;
}
